
Microsoft Visual Studio Solution File, Format Version 12.00
# Visual Studio Version 17
VisualStudioVersion = 17.1.32421.90
MinimumVisualStudioVersion = 10.0.40219.1
Project("{8BC9CEB8-8B4A-11D0-8D11-00A0C91BC942}") = "w6_p2", "w6_p2.vcxproj", "{2AA58FF4-35E5-4662-A2DF-30B2503B4F0B}"
EndProject
Global
	GlobalSection(SolutionConfigurationPlatforms) = preSolution
		Debug|x64 = Debug|x64
		Debug|x86 = Debug|x86
		Release|x64 = Release|x64
		Release|x86 = Release|x86
	EndGlobalSection
	GlobalSection(ProjectConfigurationPlatforms) = postSolution
		{2AA58FF4-35E5-4662-A2DF-30B2503B4F0B}.Debug|x64.ActiveCfg = Debug|x64
		{2AA58FF4-35E5-4662-A2DF-30B2503B4F0B}.Debug|x64.Build.0 = Debug|x64
		{2AA58FF4-35E5-4662-A2DF-30B2503B4F0B}.Debug|x86.ActiveCfg = Debug|Win32
		{2AA58FF4-35E5-4662-A2DF-30B2503B4F0B}.Debug|x86.Build.0 = Debug|Win32
		{2AA58FF4-35E5-4662-A2DF-30B2503B4F0B}.Release|x64.ActiveCfg = Release|x64
		{2AA58FF4-35E5-4662-A2DF-30B2503B4F0B}.Release|x64.Build.0 = Release|x64
		{2AA58FF4-35E5-4662-A2DF-30B2503B4F0B}.Release|x86.ActiveCfg = Release|Win32
		{2AA58FF4-35E5-4662-A2DF-30B2503B4F0B}.Release|x86.Build.0 = Release|Win32
	EndGlobalSection
	GlobalSection(SolutionProperties) = preSolution
		HideSolutionNode = FALSE
	EndGlobalSection
	GlobalSection(ExtensibilityGlobals) = postSolution
		SolutionGuid = {2F4E6BDA-3C2E-46B6-9134-C149850FFEC9}
	EndGlobalSection
EndGlobal
